
Microsoft Visual Studio Solution File, Format Version 12.00
# Visual Studio 15
VisualStudioVersion = 15.0.27130.2010
MinimumVisualStudioVersion = 10.0.40219.1
Project("{FAE04EC0-301F-11D3-BF4B-00C04F79EFBC}") = "MVCDemo", "MVCDemo\MVCDemo.csproj", "{567EAB67-5EF1-437B-B63B-2327686CD70E}"
EndProject
Project("{FAE04EC0-301F-11D3-BF4B-00C04F79EFBC}") = "BusinessLayer", "BusinessLayer\BusinessLayer.csproj", "{CA7A9C90-022C-425F-A146-EB7CBB326708}"
EndProject
Global
	GlobalSection(SolutionConfigurationPlatforms) = preSolution
		Debug|Any CPU = Debug|Any CPU
		Release|Any CPU = Release|Any CPU
	EndGlobalSection
	GlobalSection(ProjectConfigurationPlatforms) = postSolution
		{567EAB67-5EF1-437B-B63B-2327686CD70E}.Debug|Any CPU.ActiveCfg = Debug|Any CPU
		{567EAB67-5EF1-437B-B63B-2327686CD70E}.Debug|Any CPU.Build.0 = Debug|Any CPU
		{567EAB67-5EF1-437B-B63B-2327686CD70E}.Release|Any CPU.ActiveCfg = Release|Any CPU
		{567EAB67-5EF1-437B-B63B-2327686CD70E}.Release|Any CPU.Build.0 = Release|Any CPU
		{CA7A9C90-022C-425F-A146-EB7CBB326708}.Debug|Any CPU.ActiveCfg = Debug|Any CPU
		{CA7A9C90-022C-425F-A146-EB7CBB326708}.Debug|Any CPU.Build.0 = Debug|Any CPU
		{CA7A9C90-022C-425F-A146-EB7CBB326708}.Release|Any CPU.ActiveCfg = Release|Any CPU
		{CA7A9C90-022C-425F-A146-EB7CBB326708}.Release|Any CPU.Build.0 = Release|Any CPU
	EndGlobalSection
	GlobalSection(SolutionProperties) = preSolution
		HideSolutionNode = FALSE
	EndGlobalSection
	GlobalSection(ExtensibilityGlobals) = postSolution
		SolutionGuid = {434FC6E9-80DC-42C6-BE61-7E80EA16EF04}
	EndGlobalSection
EndGlobal
